// !$*UTF8*$!
{
	archiveVersion = 1;
	classes = {
	};
	objectVersion = 55;
	objects = {

/* Begin PBXBuildFile section */
		5042946D287C74E100EA40E2 /* NewsFeedApp.swift in Sources */ = {isa = PBXBuildFile; fileRef = 5042946C287C74E100EA40E2 /* NewsFeedApp.swift */; };
		5042946F287C74E100EA40E2 /* HomeView.swift in Sources */ = {isa = PBXBuildFile; fileRef = 5042946E287C74E100EA40E2 /* HomeView.swift */; };
		50429471287C74E200EA40E2 /* Assets.xcassets in Resources */ = {isa = PBXBuildFile; fileRef = 50429470287C74E200EA40E2 /* Assets.xcassets */; };
		50429474287C74E200EA40E2 /* Preview Assets.xcassets in Resources */ = {isa = PBXBuildFile; fileRef = 50429473287C74E200EA40E2 /* Preview Assets.xcassets */; };
		50429499287C779300EA40E2 /* CombineMoya in Frameworks */ = {isa = PBXBuildFile; productRef = 50429498287C779300EA40E2 /* CombineMoya */; };
		5042949B287C779300EA40E2 /* Moya in Frameworks */ = {isa = PBXBuildFile; productRef = 5042949A287C779300EA40E2 /* Moya */; };
		5042949E287C77C900EA40E2 /* NewsClient.swift in Sources */ = {isa = PBXBuildFile; fileRef = 5042949D287C77C900EA40E2 /* NewsClient.swift */; };
		504294A3287C956900EA40E2 /* ArticleResult.swift in Sources */ = {isa = PBXBuildFile; fileRef = 504294A2287C956900EA40E2 /* ArticleResult.swift */; };
		504294A5287C958700EA40E2 /* ArticleItem.swift in Sources */ = {isa = PBXBuildFile; fileRef = 504294A4287C958700EA40E2 /* ArticleItem.swift */; };
		504294A8287C978F00EA40E2 /* ComposableArchitecture in Frameworks */ = {isa = PBXBuildFile; productRef = 504294A7287C978F00EA40E2 /* ComposableArchitecture */; };
		504294AB287C97AA00EA40E2 /* NewsFeedCore.swift in Sources */ = {isa = PBXBuildFile; fileRef = 504294AA287C97AA00EA40E2 /* NewsFeedCore.swift */; };
		504294AD287CA64100EA40E2 /* NewsService.swift in Sources */ = {isa = PBXBuildFile; fileRef = 504294AC287CA64100EA40E2 /* NewsService.swift */; };
		50AAC34F287CD00E0048AE9B /* ArticleView.swift in Sources */ = {isa = PBXBuildFile; fileRef = 50AAC34E287CD00E0048AE9B /* ArticleView.swift */; };
		50AAC352287CD0780048AE9B /* WebView.swift in Sources */ = {isa = PBXBuildFile; fileRef = 50AAC351287CD0780048AE9B /* WebView.swift */; };
		50AAC354287CD1E10048AE9B /* NewsItemView.swift in Sources */ = {isa = PBXBuildFile; fileRef = 50AAC353287CD1E10048AE9B /* NewsItemView.swift */; };
/* End PBXBuildFile section */

/* Begin PBXContainerItemProxy section */
		5042947A287C74E200EA40E2 /* PBXContainerItemProxy */ = {
			isa = PBXContainerItemProxy;
			containerPortal = 50429461287C74E100EA40E2 /* Project object */;
			proxyType = 1;
			remoteGlobalIDString = 50429468287C74E100EA40E2;
			remoteInfo = NewsFeed;
		};
		50429484287C74E200EA40E2 /* PBXContainerItemProxy */ = {
			isa = PBXContainerItemProxy;
			containerPortal = 50429461287C74E100EA40E2 /* Project object */;
			proxyType = 1;
			remoteGlobalIDString = 50429468287C74E100EA40E2;
			remoteInfo = NewsFeed;
		};
/* End PBXContainerItemProxy section */

/* Begin PBXFileReference section */
		50429469287C74E100EA40E2 /* NewsFeed.app */ = {isa = PBXFileReference; explicitFileType = wrapper.application; includeInIndex = 0; path = NewsFeed.app; sourceTree = BUILT_PRODUCTS_DIR; };
		5042946C287C74E100EA40E2 /* NewsFeedApp.swift */ = {isa = PBXFileReference; lastKnownFileType = sourcecode.swift; path = NewsFeedApp.swift; sourceTree = "<group>"; };
		5042946E287C74E100EA40E2 /* HomeView.swift */ = {isa = PBXFileReference; lastKnownFileType = sourcecode.swift; path = HomeView.swift; sourceTree = "<group>"; };
		50429470287C74E200EA40E2 /* Assets.xcassets */ = {isa = PBXFileReference; lastKnownFileType = folder.assetcatalog; path = Assets.xcassets; sourceTree = "<group>"; };
		50429473287C74E200EA40E2 /* Preview Assets.xcassets */ = {isa = PBXFileReference; lastKnownFileType = folder.assetcatalog; path = "Preview Assets.xcassets"; sourceTree = "<group>"; };
		50429479287C74E200EA40E2 /* NewsFeedTests.xctest */ = {isa = PBXFileReference; explicitFileType = wrapper.cfbundle; includeInIndex = 0; path = NewsFeedTests.xctest; sourceTree = BUILT_PRODUCTS_DIR; };
		50429483287C74E200EA40E2 /* NewsFeedUITests.xctest */ = {isa = PBXFileReference; explicitFileType = wrapper.cfbundle; includeInIndex = 0; path = NewsFeedUITests.xctest; sourceTree = BUILT_PRODUCTS_DIR; };
		5042949D287C77C900EA40E2 /* NewsClient.swift */ = {isa = PBXFileReference; lastKnownFileType = sourcecode.swift; path = NewsClient.swift; sourceTree = "<group>"; };
		504294A2287C956900EA40E2 /* ArticleResult.swift */ = {isa = PBXFileReference; lastKnownFileType = sourcecode.swift; path = ArticleResult.swift; sourceTree = "<group>"; };
		504294A4287C958700EA40E2 /* ArticleItem.swift */ = {isa = PBXFileReference; lastKnownFileType = sourcecode.swift; path = ArticleItem.swift; sourceTree = "<group>"; };
		504294AA287C97AA00EA40E2 /* NewsFeedCore.swift */ = {isa = PBXFileReference; lastKnownFileType = sourcecode.swift; path = NewsFeedCore.swift; sourceTree = "<group>"; };
		504294AC287CA64100EA40E2 /* NewsService.swift */ = {isa = PBXFileReference; lastKnownFileType = sourcecode.swift; path = NewsService.swift; sourceTree = "<group>"; };
		50AAC34E287CD00E0048AE9B /* ArticleView.swift */ = {isa = PBXFileReference; lastKnownFileType = sourcecode.swift; path = ArticleView.swift; sourceTree = "<group>"; };
		50AAC351287CD0780048AE9B /* WebView.swift */ = {isa = PBXFileReference; lastKnownFileType = sourcecode.swift; path = WebView.swift; sourceTree = "<group>"; };
		50AAC353287CD1E10048AE9B /* NewsItemView.swift */ = {isa = PBXFileReference; lastKnownFileType = sourcecode.swift; path = NewsItemView.swift; sourceTree = "<group>"; };
/* End PBXFileReference section */

/* Begin PBXFrameworksBuildPhase section */
		50429466287C74E100EA40E2 /* Frameworks */ = {
			isa = PBXFrameworksBuildPhase;
			buildActionMask = 2147483647;
			files = (
				5042949B287C779300EA40E2 /* Moya in Frameworks */,
				50429499287C779300EA40E2 /* CombineMoya in Frameworks */,
				504294A8287C978F00EA40E2 /* ComposableArchitecture in Frameworks */,
			);
			runOnlyForDeploymentPostprocessing = 0;
		};
		50429476287C74E200EA40E2 /* Frameworks */ = {
			isa = PBXFrameworksBuildPhase;
			buildActionMask = 2147483647;
			files = (
			);
			runOnlyForDeploymentPostprocessing = 0;
		};
		50429480287C74E200EA40E2 /* Frameworks */ = {
			isa = PBXFrameworksBuildPhase;
			buildActionMask = 2147483647;
			files = (
			);
			runOnlyForDeploymentPostprocessing = 0;
		};
/* End PBXFrameworksBuildPhase section */

/* Begin PBXGroup section */
		50429460287C74E100EA40E2 = {
			isa = PBXGroup;
			children = (
				5042946B287C74E100EA40E2 /* NewsFeed */,
				5042946A287C74E100EA40E2 /* Products */,
			);
			sourceTree = "<group>";
		};
		5042946A287C74E100EA40E2 /* Products */ = {
			isa = PBXGroup;
			children = (
				50429469287C74E100EA40E2 /* NewsFeed.app */,
				50429479287C74E200EA40E2 /* NewsFeedTests.xctest */,
				50429483287C74E200EA40E2 /* NewsFeedUITests.xctest */,
			);
			name = Products;
			sourceTree = "<group>";
		};
		5042946B287C74E100EA40E2 /* NewsFeed */ = {
			isa = PBXGroup;
			children = (
				50AAC350287CD0670048AE9B /* Views */,
				504294AE287CCF9400EA40E2 /* Screens */,
				504294A9287C979C00EA40E2 /* Core */,
				504294A1287C954C00EA40E2 /* Models */,
				5042949C287C77A300EA40E2 /* Client */,
				5042946C287C74E100EA40E2 /* NewsFeedApp.swift */,
				50429470287C74E200EA40E2 /* Assets.xcassets */,
				50429472287C74E200EA40E2 /* Preview Content */,
			);
			path = NewsFeed;
			sourceTree = "<group>";
		};
		50429472287C74E200EA40E2 /* Preview Content */ = {
			isa = PBXGroup;
			children = (
				50429473287C74E200EA40E2 /* Preview Assets.xcassets */,
			);
			path = "Preview Content";
			sourceTree = "<group>";
		};
		5042949C287C77A300EA40E2 /* Client */ = {
			isa = PBXGroup;
			children = (
				5042949D287C77C900EA40E2 /* NewsClient.swift */,
				504294AC287CA64100EA40E2 /* NewsService.swift */,
			);
			path = Client;
			sourceTree = "<group>";
		};
		504294A1287C954C00EA40E2 /* Models */ = {
			isa = PBXGroup;
			children = (
				504294A2287C956900EA40E2 /* ArticleResult.swift */,
				504294A4287C958700EA40E2 /* ArticleItem.swift */,
			);
			path = Models;
			sourceTree = "<group>";
		};
		504294A9287C979C00EA40E2 /* Core */ = {
			isa = PBXGroup;
			children = (
				504294AA287C97AA00EA40E2 /* NewsFeedCore.swift */,
			);
			path = Core;
			sourceTree = "<group>";
		};
		504294AE287CCF9400EA40E2 /* Screens */ = {
			isa = PBXGroup;
			children = (
				5042946E287C74E100EA40E2 /* HomeView.swift */,
				50AAC34E287CD00E0048AE9B /* ArticleView.swift */,
			);
			path = Screens;
			sourceTree = "<group>";
		};
		50AAC350287CD0670048AE9B /* Views */ = {
			isa = PBXGroup;
			children = (
				50AAC351287CD0780048AE9B /* WebView.swift */,
				50AAC353287CD1E10048AE9B /* NewsItemView.swift */,
			);
			path = Views;
			sourceTree = "<group>";
		};
/* End PBXGroup section */

/* Begin PBXNativeTarget section */
		50429468287C74E100EA40E2 /* NewsFeed */ = {
			isa = PBXNativeTarget;
			buildConfigurationList = 5042948D287C74E200EA40E2 /* Build configuration list for PBXNativeTarget "NewsFeed" */;
			buildPhases = (
				50429465287C74E100EA40E2 /* Sources */,
				50429466287C74E100EA40E2 /* Frameworks */,
				50429467287C74E100EA40E2 /* Resources */,
			);
			buildRules = (
			);
			dependencies = (
			);
			name = NewsFeed;
			packageProductDependencies = (
				50429498287C779300EA40E2 /* CombineMoya */,
				5042949A287C779300EA40E2 /* Moya */,
				504294A7287C978F00EA40E2 /* ComposableArchitecture */,
			);
			productName = NewsFeed;
			productReference = 50429469287C74E100EA40E2 /* NewsFeed.app */;
			productType = "com.apple.product-type.application";
		};
		50429478287C74E200EA40E2 /* NewsFeedTests */ = {
			isa = PBXNativeTarget;
			buildConfigurationList = 50429490287C74E200EA40E2 /* Build configuration list for PBXNativeTarget "NewsFeedTests" */;
			buildPhases = (
				50429475287C74E200EA40E2 /* Sources */,
				50429476287C74E200EA40E2 /* Frameworks */,
				50429477287C74E200EA40E2 /* Resources */,
			);
			buildRules = (
			);
			dependencies = (
				5042947B287C74E200EA40E2 /* PBXTargetDependency */,
			);
			name = NewsFeedTests;
			productName = NewsFeedTests;
			productReference = 50429479287C74E200EA40E2 /* NewsFeedTests.xctest */;
			productType = "com.apple.product-type.bundle.unit-test";
		};
		50429482287C74E200EA40E2 /* NewsFeedUITests */ = {
			isa = PBXNativeTarget;
			buildConfigurationList = 50429493287C74E200EA40E2 /* Build configuration list for PBXNativeTarget "NewsFeedUITests" */;
			buildPhases = (
				5042947F287C74E200EA40E2 /* Sources */,
				50429480287C74E200EA40E2 /* Frameworks */,
				50429481287C74E200EA40E2 /* Resources */,
			);
			buildRules = (
			);
			dependencies = (
				50429485287C74E200EA40E2 /* PBXTargetDependency */,
			);
			name = NewsFeedUITests;
			productName = NewsFeedUITests;
			productReference = 50429483287C74E200EA40E2 /* NewsFeedUITests.xctest */;
			productType = "com.apple.product-type.bundle.ui-testing";
		};
/* End PBXNativeTarget section */

/* Begin PBXProject section */
		50429461287C74E100EA40E2 /* Project object */ = {
			isa = PBXProject;
			attributes = {
				BuildIndependentTargetsInParallel = 1;
				LastSwiftUpdateCheck = 1340;
				LastUpgradeCheck = 1340;
				TargetAttributes = {
					50429468287C74E100EA40E2 = {
						CreatedOnToolsVersion = 13.4.1;
					};
					50429478287C74E200EA40E2 = {
						CreatedOnToolsVersion = 13.4.1;
						TestTargetID = 50429468287C74E100EA40E2;
					};
					50429482287C74E200EA40E2 = {
						CreatedOnToolsVersion = 13.4.1;
						TestTargetID = 50429468287C74E100EA40E2;
					};
				};
			};
			buildConfigurationList = 50429464287C74E100EA40E2 /* Build configuration list for PBXProject "NewsFeed" */;
			compatibilityVersion = "Xcode 13.0";
			developmentRegion = en;
			hasScannedForEncodings = 0;
			knownRegions = (
				en,
				Base,
			);
			mainGroup = 50429460287C74E100EA40E2;
			packageReferences = (
				50429497287C779300EA40E2 /* XCRemoteSwiftPackageReference "Moya" */,
				504294A6287C978F00EA40E2 /* XCRemoteSwiftPackageReference "swift-composable-architecture" */,
			);
			productRefGroup = 5042946A287C74E100EA40E2 /* Products */;
			projectDirPath = "";
			projectRoot = "";
			targets = (
				50429468287C74E100EA40E2 /* NewsFeed */,
				50429478287C74E200EA40E2 /* NewsFeedTests */,
				50429482287C74E200EA40E2 /* NewsFeedUITests */,
			);
		};
/* End PBXProject section */

/* Begin PBXResourcesBuildPhase section */
		50429467287C74E100EA40E2 /* Resources */ = {
			isa = PBXResourcesBuildPhase;
			buildActionMask = 2147483647;
			files = (
				50429474287C74E200EA40E2 /* Preview Assets.xcassets in Resources */,
				50429471287C74E200EA40E2 /* Assets.xcassets in Resources */,
			);
			runOnlyForDeploymentPostprocessing = 0;
		};
		50429477287C74E200EA40E2 /* Resources */ = {
			isa = PBXResourcesBuildPhase;
			buildActionMask = 2147483647;
			files = (
			);
			runOnlyForDeploymentPostprocessing = 0;
		};
		50429481287C74E200EA40E2 /* Resources */ = {
			isa = PBXResourcesBuildPhase;
			buildActionMask = 2147483647;
			files = (
			);
			runOnlyForDeploymentPostprocessing = 0;
		};
/* End PBXResourcesBuildPhase section */

/* Begin PBXSourcesBuildPhase section */
		50429465287C74E100EA40E2 /* Sources */ = {
			isa = PBXSourcesBuildPhase;
			buildActionMask = 2147483647;
			files = (
				504294AB287C97AA00EA40E2 /* NewsFeedCore.swift in Sources */,
				50AAC352287CD0780048AE9B /* WebView.swift in Sources */,
				504294AD287CA64100EA40E2 /* NewsService.swift in Sources */,
				5042946F287C74E100EA40E2 /* HomeView.swift in Sources */,
				504294A3287C956900EA40E2 /* ArticleResult.swift in Sources */,
				50AAC354287CD1E10048AE9B /* NewsItemView.swift in Sources */,
				5042949E287C77C900EA40E2 /* NewsClient.swift in Sources */,
				5042946D287C74E100EA40E2 /* NewsFeedApp.swift in Sources */,
				50AAC34F287CD00E0048AE9B /* ArticleView.swift in Sources */,
				504294A5287C958700EA40E2 /* ArticleItem.swift in Sources */,
			);
			runOnlyForDeploymentPostprocessing = 0;
		};
		50429475287C74E200EA40E2 /* Sources */ = {
			isa = PBXSourcesBuildPhase;
			buildActionMask = 2147483647;
			files = (
			);
			runOnlyForDeploymentPostprocessing = 0;
		};
		5042947F287C74E200EA40E2 /* Sources */ = {
			isa = PBXSourcesBuildPhase;
			buildActionMask = 2147483647;
			files = (
			);
			runOnlyForDeploymentPostprocessing = 0;
		};
/* End PBXSourcesBuildPhase section */

/* Begin PBXTargetDependency section */
		5042947B287C74E200EA40E2 /* PBXTargetDependency */ = {
			isa = PBXTargetDependency;
			target = 50429468287C74E100EA40E2 /* NewsFeed */;
			targetProxy = 5042947A287C74E200EA40E2 /* PBXContainerItemProxy */;
		};
		50429485287C74E200EA40E2 /* PBXTargetDependency */ = {
			isa = PBXTargetDependency;
			target = 50429468287C74E100EA40E2 /* NewsFeed */;
			targetProxy = 50429484287C74E200EA40E2 /* PBXContainerItemProxy */;
		};
/* End PBXTargetDependency section */

/* Begin XCBuildConfiguration section */
		5042948B287C74E200EA40E2 /* Debug */ = {
			isa = XCBuildConfiguration;
			buildSettings = {
				ALWAYS_SEARCH_USER_PATHS = NO;
				CLANG_ANALYZER_NONNULL = YES;
				CLANG_ANALYZER_NUMBER_OBJECT_CONVERSION = YES_AGGRESSIVE;
				CLANG_CXX_LANGUAGE_STANDARD = "gnu++17";
				CLANG_ENABLE_MODULES = YES;
				CLANG_ENABLE_OBJC_ARC = YES;
				CLANG_ENABLE_OBJC_WEAK = YES;
				CLANG_WARN_BLOCK_CAPTURE_AUTORELEASING = YES;
				CLANG_WARN_BOOL_CONVERSION = YES;
				CLANG_WARN_COMMA = YES;
				CLANG_WARN_CONSTANT_CONVERSION = YES;
				CLANG_WARN_DEPRECATED_OBJC_IMPLEMENTATIONS = YES;
				CLANG_WARN_DIRECT_OBJC_ISA_USAGE = YES_ERROR;
				CLANG_WARN_DOCUMENTATION_COMMENTS = YES;
				CLANG_WARN_EMPTY_BODY = YES;
				CLANG_WARN_ENUM_CONVERSION = YES;
				CLANG_WARN_INFINITE_RECURSION = YES;
				CLANG_WARN_INT_CONVERSION = YES;
				CLANG_WARN_NON_LITERAL_NULL_CONVERSION = YES;
				CLANG_WARN_OBJC_IMPLICIT_RETAIN_SELF = YES;
				CLANG_WARN_OBJC_LITERAL_CONVERSION = YES;
				CLANG_WARN_OBJC_ROOT_CLASS = YES_ERROR;
				CLANG_WARN_QUOTED_INCLUDE_IN_FRAMEWORK_HEADER = YES;
				CLANG_WARN_RANGE_LOOP_ANALYSIS = YES;
				CLANG_WARN_STRICT_PROTOTYPES = YES;
				CLANG_WARN_SUSPICIOUS_MOVE = YES;
				CLANG_WARN_UNGUARDED_AVAILABILITY = YES_AGGRESSIVE;
				CLANG_WARN_UNREACHABLE_CODE = YES;
				CLANG_WARN__DUPLICATE_METHOD_MATCH = YES;
				COPY_PHASE_STRIP = NO;
				DEBUG_INFORMATION_FORMAT = dwarf;
				ENABLE_STRICT_OBJC_MSGSEND = YES;
				ENABLE_TESTABILITY = YES;
				GCC_C_LANGUAGE_STANDARD = gnu11;
				GCC_DYNAMIC_NO_PIC = NO;
				GCC_NO_COMMON_BLOCKS = YES;
				GCC_OPTIMIZATION_LEVEL = 0;
				GCC_PREPROCESSOR_DEFINITIONS = (
					"DEBUG=1",
					"$(inherited)",
				);
				GCC_WARN_64_TO_32_BIT_CONVERSION = YES;
				GCC_WARN_ABOUT_RETURN_TYPE = YES_ERROR;
				GCC_WARN_UNDECLARED_SELECTOR = YES;
				GCC_WARN_UNINITIALIZED_AUTOS = YES_AGGRESSIVE;
				GCC_WARN_UNUSED_FUNCTION = YES;
				GCC_WARN_UNUSED_VARIABLE = YES;
				IPHONEOS_DEPLOYMENT_TARGET = 15.5;
				MTL_ENABLE_DEBUG_INFO = INCLUDE_SOURCE;
				MTL_FAST_MATH = YES;
				ONLY_ACTIVE_ARCH = YES;
				SDKROOT = iphoneos;
				SWIFT_ACTIVE_COMPILATION_CONDITIONS = DEBUG;
				SWIFT_OPTIMIZATION_LEVEL = "-Onone";
			};
			name = Debug;
		};
		5042948C287C74E200EA40E2 /* Release */ = {
			isa = XCBuildConfiguration;
			buildSettings = {
				ALWAYS_SEARCH_USER_PATHS = NO;
				CLANG_ANALYZER_NONNULL = YES;
				CLANG_ANALYZER_NUMBER_OBJECT_CONVERSION = YES_AGGRESSIVE;
				CLANG_CXX_LANGUAGE_STANDARD = "gnu++17";
				CLANG_ENABLE_MODULES = YES;
				CLANG_ENABLE_OBJC_ARC = YES;
				CLANG_ENABLE_OBJC_WEAK = YES;
				CLANG_WARN_BLOCK_CAPTURE_AUTORELEASING = YES;
				CLANG_WARN_BOOL_CONVERSION = YES;
				CLANG_WARN_COMMA = YES;
				CLANG_WARN_CONSTANT_CONVERSION = YES;
				CLANG_WARN_DEPRECATED_OBJC_IMPLEMENTATIONS = YES;
				CLANG_WARN_DIRECT_OBJC_ISA_USAGE = YES_ERROR;
				CLANG_WARN_DOCUMENTATION_COMMENTS = YES;
				CLANG_WARN_EMPTY_BODY = YES;
				CLANG_WARN_ENUM_CONVERSION = YES;
				CLANG_WARN_INFINITE_RECURSION = YES;
				CLANG_WARN_INT_CONVERSION = YES;
				CLANG_WARN_NON_LITERAL_NULL_CONVERSION = YES;
				CLANG_WARN_OBJC_IMPLICIT_RETAIN_SELF = YES;
				CLANG_WARN_OBJC_LITERAL_CONVERSION = YES;
				CLANG_WARN_OBJC_ROOT_CLASS = YES_ERROR;
				CLANG_WARN_QUOTED_INCLUDE_IN_FRAMEWORK_HEADER = YES;
				CLANG_WARN_RANGE_LOOP_ANALYSIS = YES;
				CLANG_WARN_STRICT_PROTOTYPES = YES;
				CLANG_WARN_SUSPICIOUS_MOVE = YES;
				CLANG_WARN_UNGUARDED_AVAILABILITY = YES_AGGRESSIVE;
				CLANG_WARN_UNREACHABLE_CODE = YES;
				CLANG_WARN__DUPLICATE_METHOD_MATCH = YES;
				COPY_PHASE_STRIP = NO;
				DEBUG_INFORMATION_FORMAT = "dwarf-with-dsym";
				ENABLE_NS_ASSERTIONS = NO;
				ENABLE_STRICT_OBJC_MSGSEND = YES;
				GCC_C_LANGUAGE_STANDARD = gnu11;
				GCC_NO_COMMON_BLOCKS = YES;
				GCC_WARN_64_TO_32_BIT_CONVERSION = YES;
				GCC_WARN_ABOUT_RETURN_TYPE = YES_ERROR;
				GCC_WARN_UNDECLARED_SELECTOR = YES;
				GCC_WARN_UNINITIALIZED_AUTOS = YES_AGGRESSIVE;
				GCC_WARN_UNUSED_FUNCTION = YES;
				GCC_WARN_UNUSED_VARIABLE = YES;
				IPHONEOS_DEPLOYMENT_TARGET = 15.5;
				MTL_ENABLE_DEBUG_INFO = NO;
				MTL_FAST_MATH = YES;
				SDKROOT = iphoneos;
				SWIFT_COMPILATION_MODE = wholemodule;
				SWIFT_OPTIMIZATION_LEVEL = "-O";
				VALIDATE_PRODUCT = YES;
			};
			name = Release;
		};
		5042948E287C74E200EA40E2 /* Debug */ = {
			isa = XCBuildConfiguration;
			buildSettings = {
				ASSETCATALOG_COMPILER_APPICON_NAME = AppIcon;
				ASSETCATALOG_COMPILER_GLOBAL_ACCENT_COLOR_NAME = AccentColor;
				CODE_SIGN_STYLE = Automatic;
				CURRENT_PROJECT_VERSION = 1;
				DEVELOPMENT_ASSET_PATHS = "\"NewsFeed/Preview Content\"";
				DEVELOPMENT_TEAM = 45S4V7YG96;
				ENABLE_PREVIEWS = YES;
				GENERATE_INFOPLIST_FILE = YES;
				INFOPLIST_KEY_UIApplicationSceneManifest_Generation = YES;
				INFOPLIST_KEY_UIApplicationSupportsIndirectInputEvents = YES;
				INFOPLIST_KEY_UILaunchScreen_Generation = YES;
				INFOPLIST_KEY_UISupportedInterfaceOrientations_iPad = "UIInterfaceOrientationPortrait UIInterfaceOrientationPortraitUpsideDown UIInterfaceOrientationLandscapeLeft UIInterfaceOrientationLandscapeRight";
				INFOPLIST_KEY_UISupportedInterfaceOrientations_iPhone = "UIInterfaceOrientationPortrait UIInterfaceOrientationLandscapeLeft UIInterfaceOrientationLandscapeRight";
				LD_RUNPATH_SEARCH_PATHS = (
					"$(inherited)",
					"@executable_path/Frameworks",
				);
				MARKETING_VERSION = 1.0;
				PRODUCT_BUNDLE_IDENTIFIER = com.mo.NewsFeed;
				PRODUCT_NAME = "$(TARGET_NAME)";
				SWIFT_EMIT_LOC_STRINGS = YES;
				SWIFT_VERSION = 5.0;
				TARGETED_DEVICE_FAMILY = "1,2";
			};
			name = Debug;
		};
		5042948F287C74E200EA40E2 /* Release */ = {
			isa = XCBuildConfiguration;
			buildSettings = {
				ASSETCATALOG_COMPILER_APPICON_NAME = AppIcon;
				ASSETCATALOG_COMPILER_GLOBAL_ACCENT_COLOR_NAME = AccentColor;
				CODE_SIGN_STYLE = Automatic;
				CURRENT_PROJECT_VERSION = 1;
				DEVELOPMENT_ASSET_PATHS = "\"NewsFeed/Preview Content\"";
				DEVELOPMENT_TEAM = 45S4V7YG96;
				ENABLE_PREVIEWS = YES;
				GENERATE_INFOPLIST_FILE = YES;
				INFOPLIST_KEY_UIApplicationSceneManifest_Generation = YES;
				INFOPLIST_KEY_UIApplicationSupportsIndirectInputEvents = YES;
				INFOPLIST_KEY_UILaunchScreen_Generation = YES;
				INFOPLIST_KEY_UISupportedInterfaceOrientations_iPad = "UIInterfaceOrientationPortrait UIInterfaceOrientationPortraitUpsideDown UIInterfaceOrientationLandscapeLeft UIInterfaceOrientationLandscapeRight";
				INFOPLIST_KEY_UISupportedInterfaceOrientations_iPhone = "UIInterfaceOrientationPortrait UIInterfaceOrientationLandscapeLeft UIInterfaceOrientationLandscapeRight";
				LD_RUNPATH_SEARCH_PATHS = (
					"$(inherited)",
					"@executable_path/Frameworks",
				);
				MARKETING_VERSION = 1.0;
				PRODUCT_BUNDLE_IDENTIFIER = com.mo.NewsFeed;
				PRODUCT_NAME = "$(TARGET_NAME)";
				SWIFT_EMIT_LOC_STRINGS = YES;
				SWIFT_VERSION = 5.0;
				TARGETED_DEVICE_FAMILY = "1,2";
			};
			name = Release;
		};
		50429491287C74E200EA40E2 /* Debug */ = {
			isa = XCBuildConfiguration;
			buildSettings = {
				ALWAYS_EMBED_SWIFT_STANDARD_LIBRARIES = YES;
				BUNDLE_LOADER = "$(TEST_HOST)";
				CODE_SIGN_STYLE = Automatic;
				CURRENT_PROJECT_VERSION = 1;
				DEVELOPMENT_TEAM = 45S4V7YG96;
				GENERATE_INFOPLIST_FILE = YES;
				IPHONEOS_DEPLOYMENT_TARGET = 15.5;
				MARKETING_VERSION = 1.0;
				PRODUCT_BUNDLE_IDENTIFIER = com.mo.NewsFeedTests;
				PRODUCT_NAME = "$(TARGET_NAME)";
				SWIFT_EMIT_LOC_STRINGS = NO;
				SWIFT_VERSION = 5.0;
				TARGETED_DEVICE_FAMILY = "1,2";
				TEST_HOST = "$(BUILT_PRODUCTS_DIR)/NewsFeed.app/NewsFeed";
			};
			name = Debug;
		};
		50429492287C74E200EA40E2 /* Release */ = {
			isa = XCBuildConfiguration;
			buildSettings = {
				ALWAYS_EMBED_SWIFT_STANDARD_LIBRARIES = YES;
				BUNDLE_LOADER = "$(TEST_HOST)";
				CODE_SIGN_STYLE = Automatic;
				CURRENT_PROJECT_VERSION = 1;
				DEVELOPMENT_TEAM = 45S4V7YG96;
				GENERATE_INFOPLIST_FILE = YES;
				IPHONEOS_DEPLOYMENT_TARGET = 15.5;
				MARKETING_VERSION = 1.0;
				PRODUCT_BUNDLE_IDENTIFIER = com.mo.NewsFeedTests;
				PRODUCT_NAME = "$(TARGET_NAME)";
				SWIFT_EMIT_LOC_STRINGS = NO;
				SWIFT_VERSION = 5.0;
				TARGETED_DEVICE_FAMILY = "1,2";
				TEST_HOST = "$(BUILT_PRODUCTS_DIR)/NewsFeed.app/NewsFeed";
			};
			name = Release;
		};
		50429494287C74E200EA40E2 /* Debug */ = {
			isa = XCBuildConfiguration;
			buildSettings = {
				ALWAYS_EMBED_SWIFT_STANDARD_LIBRARIES = YES;
				CODE_SIGN_STYLE = Automatic;
				CURRENT_PROJECT_VERSION = 1;
				DEVELOPMENT_TEAM = 45S4V7YG96;
				GENERATE_INFOPLIST_FILE = YES;
				MARKETING_VERSION = 1.0;
				PRODUCT_BUNDLE_IDENTIFIER = com.mo.NewsFeedUITests;
				PRODUCT_NAME = "$(TARGET_NAME)";
				SWIFT_EMIT_LOC_STRINGS = NO;
				SWIFT_VERSION = 5.0;
				TARGETED_DEVICE_FAMILY = "1,2";
				TEST_TARGET_NAME = NewsFeed;
			};
			name = Debug;
		};
		50429495287C74E200EA40E2 /* Release */ = {
			isa = XCBuildConfiguration;
			buildSettings = {
				ALWAYS_EMBED_SWIFT_STANDARD_LIBRARIES = YES;
				CODE_SIGN_STYLE = Automatic;
				CURRENT_PROJECT_VERSION = 1;
				DEVELOPMENT_TEAM = 45S4V7YG96;
				GENERATE_INFOPLIST_FILE = YES;
				MARKETING_VERSION = 1.0;
				PRODUCT_BUNDLE_IDENTIFIER = com.mo.NewsFeedUITests;
				PRODUCT_NAME = "$(TARGET_NAME)";
				SWIFT_EMIT_LOC_STRINGS = NO;
				SWIFT_VERSION = 5.0;
				TARGETED_DEVICE_FAMILY = "1,2";
				TEST_TARGET_NAME = NewsFeed;
			};
			name = Release;
		};
/* End XCBuildConfiguration section */

/* Begin XCConfigurationList section */
		50429464287C74E100EA40E2 /* Build configuration list for PBXProject "NewsFeed" */ = {
			isa = XCConfigurationList;
			buildConfigurations = (
				5042948B287C74E200EA40E2 /* Debug */,
				5042948C287C74E200EA40E2 /* Release */,
			);
			defaultConfigurationIsVisible = 0;
			defaultConfigurationName = Release;
		};
		5042948D287C74E200EA40E2 /* Build configuration list for PBXNativeTarget "NewsFeed" */ = {
			isa = XCConfigurationList;
			buildConfigurations = (
				5042948E287C74E200EA40E2 /* Debug */,
				5042948F287C74E200EA40E2 /* Release */,
			);
			defaultConfigurationIsVisible = 0;
			defaultConfigurationName = Release;
		};
		50429490287C74E200EA40E2 /* Build configuration list for PBXNativeTarget "NewsFeedTests" */ = {
			isa = XCConfigurationList;
			buildConfigurations = (
				50429491287C74E200EA40E2 /* Debug */,
				50429492287C74E200EA40E2 /* Release */,
			);
			defaultConfigurationIsVisible = 0;
			defaultConfigurationName = Release;
		};
		50429493287C74E200EA40E2 /* Build configuration list for PBXNativeTarget "NewsFeedUITests" */ = {
			isa = XCConfigurationList;
			buildConfigurations = (
				50429494287C74E200EA40E2 /* Debug */,
				50429495287C74E200EA40E2 /* Release */,
			);
			defaultConfigurationIsVisible = 0;
			defaultConfigurationName = Release;
		};
/* End XCConfigurationList section */

/* Begin XCRemoteSwiftPackageReference section */
		50429497287C779300EA40E2 /* XCRemoteSwiftPackageReference "Moya" */ = {
			isa = XCRemoteSwiftPackageReference;
			repositoryURL = "https://github.com/Moya/Moya.git";
			requirement = {
				kind = upToNextMajorVersion;
				minimumVersion = 15.0.0;
			};
		};
		504294A6287C978F00EA40E2 /* XCRemoteSwiftPackageReference "swift-composable-architecture" */ = {
			isa = XCRemoteSwiftPackageReference;
			repositoryURL = "https://github.com/pointfreeco/swift-composable-architecture";
			requirement = {
				kind = exactVersion;
				version = 0.38.2;
			};
		};
/* End XCRemoteSwiftPackageReference section */

/* Begin XCSwiftPackageProductDependency section */
		50429498287C779300EA40E2 /* CombineMoya */ = {
			isa = XCSwiftPackageProductDependency;
			package = 50429497287C779300EA40E2 /* XCRemoteSwiftPackageReference "Moya" */;
			productName = CombineMoya;
		};
		5042949A287C779300EA40E2 /* Moya */ = {
			isa = XCSwiftPackageProductDependency;
			package = 50429497287C779300EA40E2 /* XCRemoteSwiftPackageReference "Moya" */;
			productName = Moya;
		};
		504294A7287C978F00EA40E2 /* ComposableArchitecture */ = {
			isa = XCSwiftPackageProductDependency;
			package = 504294A6287C978F00EA40E2 /* XCRemoteSwiftPackageReference "swift-composable-architecture" */;
			productName = ComposableArchitecture;
		};
/* End XCSwiftPackageProductDependency section */
	};
	rootObject = 50429461287C74E100EA40E2 /* Project object */;
}
